
Microsoft Visual Studio Solution File, Format Version 12.00
# Visual Studio 14
VisualStudioVersion = 14.0.25420.1
MinimumVisualStudioVersion = 10.0.40219.1
Project("{FAE04EC0-301F-11D3-BF4B-00C04F79EFBC}") = "Email.PageObject", "EmailPageObject\Email.PageObject.csproj", "{0F784D23-33A7-4E2E-9633-CA59CED6C48C}"
EndProject
Project("{FAE04EC0-301F-11D3-BF4B-00C04F79EFBC}") = "Email.Tests", "Email.Tests\Email.Tests.csproj", "{6098BAB6-9D62-4CF5-9D11-A949458D30E4}"
EndProject
Global
	GlobalSection(SolutionConfigurationPlatforms) = preSolution
		Debug|Any CPU = Debug|Any CPU
		Release|Any CPU = Release|Any CPU
	EndGlobalSection
	GlobalSection(ProjectConfigurationPlatforms) = postSolution
		{0F784D23-33A7-4E2E-9633-CA59CED6C48C}.Debug|Any CPU.ActiveCfg = Debug|Any CPU
		{0F784D23-33A7-4E2E-9633-CA59CED6C48C}.Debug|Any CPU.Build.0 = Debug|Any CPU
		{0F784D23-33A7-4E2E-9633-CA59CED6C48C}.Release|Any CPU.ActiveCfg = Release|Any CPU
		{0F784D23-33A7-4E2E-9633-CA59CED6C48C}.Release|Any CPU.Build.0 = Release|Any CPU
		{6098BAB6-9D62-4CF5-9D11-A949458D30E4}.Debug|Any CPU.ActiveCfg = Debug|Any CPU
		{6098BAB6-9D62-4CF5-9D11-A949458D30E4}.Debug|Any CPU.Build.0 = Debug|Any CPU
		{6098BAB6-9D62-4CF5-9D11-A949458D30E4}.Release|Any CPU.ActiveCfg = Release|Any CPU
		{6098BAB6-9D62-4CF5-9D11-A949458D30E4}.Release|Any CPU.Build.0 = Release|Any CPU
	EndGlobalSection
	GlobalSection(SolutionProperties) = preSolution
		HideSolutionNode = FALSE
	EndGlobalSection
EndGlobal
