
Microsoft Visual Studio Solution File, Format Version 12.00
# Visual Studio 14
VisualStudioVersion = 14.0.25420.1
MinimumVisualStudioVersion = 10.0.40219.1
Project("{FAE04EC0-301F-11D3-BF4B-00C04F79EFBC}") = "Calculator", "ClassLibrary1\Calculator.csproj", "{15890DF0-6994-448B-A6A2-ABAF548738BA}"
EndProject
Project("{FAE04EC0-301F-11D3-BF4B-00C04F79EFBC}") = "Calculator.Console", "ConsoleApplication1\Calculator.Console.csproj", "{E09682B3-20F8-4361-A675-639636EFD179}"
EndProject
Project("{FAE04EC0-301F-11D3-BF4B-00C04F79EFBC}") = "Calculator.Tests", "ClassLibrary2Tests\Calculator.Tests.csproj", "{E4E904C2-0C89-4478-825A-34918914DA61}"
EndProject
Project("{FAE04EC0-301F-11D3-BF4B-00C04F79EFBC}") = "Calculator.MsTest", "Calculator.MsTest\Calculator.MsTest.csproj", "{59B678D5-AF87-478F-949A-0DDF189A0CD3}"
EndProject
Project("{FAE04EC0-301F-11D3-BF4B-00C04F79EFBC}") = "Calculator.NUnitTests", "Calculator.NUnitTests\Calculator.NUnitTests.csproj", "{A694D5F6-4D21-483E-8C75-0263FC9C1AC6}"
EndProject
Global
	GlobalSection(SolutionConfigurationPlatforms) = preSolution
		Debug|Any CPU = Debug|Any CPU
		Release|Any CPU = Release|Any CPU
	EndGlobalSection
	GlobalSection(ProjectConfigurationPlatforms) = postSolution
		{15890DF0-6994-448B-A6A2-ABAF548738BA}.Debug|Any CPU.ActiveCfg = Debug|Any CPU
		{15890DF0-6994-448B-A6A2-ABAF548738BA}.Debug|Any CPU.Build.0 = Debug|Any CPU
		{15890DF0-6994-448B-A6A2-ABAF548738BA}.Release|Any CPU.ActiveCfg = Release|Any CPU
		{15890DF0-6994-448B-A6A2-ABAF548738BA}.Release|Any CPU.Build.0 = Release|Any CPU
		{E09682B3-20F8-4361-A675-639636EFD179}.Debug|Any CPU.ActiveCfg = Debug|Any CPU
		{E09682B3-20F8-4361-A675-639636EFD179}.Debug|Any CPU.Build.0 = Debug|Any CPU
		{E09682B3-20F8-4361-A675-639636EFD179}.Release|Any CPU.ActiveCfg = Release|Any CPU
		{E09682B3-20F8-4361-A675-639636EFD179}.Release|Any CPU.Build.0 = Release|Any CPU
		{E4E904C2-0C89-4478-825A-34918914DA61}.Debug|Any CPU.ActiveCfg = Debug|Any CPU
		{E4E904C2-0C89-4478-825A-34918914DA61}.Debug|Any CPU.Build.0 = Debug|Any CPU
		{E4E904C2-0C89-4478-825A-34918914DA61}.Release|Any CPU.ActiveCfg = Release|Any CPU
		{E4E904C2-0C89-4478-825A-34918914DA61}.Release|Any CPU.Build.0 = Release|Any CPU
		{59B678D5-AF87-478F-949A-0DDF189A0CD3}.Debug|Any CPU.ActiveCfg = Debug|Any CPU
		{59B678D5-AF87-478F-949A-0DDF189A0CD3}.Debug|Any CPU.Build.0 = Debug|Any CPU
		{59B678D5-AF87-478F-949A-0DDF189A0CD3}.Release|Any CPU.ActiveCfg = Release|Any CPU
		{59B678D5-AF87-478F-949A-0DDF189A0CD3}.Release|Any CPU.Build.0 = Release|Any CPU
		{A694D5F6-4D21-483E-8C75-0263FC9C1AC6}.Debug|Any CPU.ActiveCfg = Debug|Any CPU
		{A694D5F6-4D21-483E-8C75-0263FC9C1AC6}.Debug|Any CPU.Build.0 = Debug|Any CPU
		{A694D5F6-4D21-483E-8C75-0263FC9C1AC6}.Release|Any CPU.ActiveCfg = Release|Any CPU
		{A694D5F6-4D21-483E-8C75-0263FC9C1AC6}.Release|Any CPU.Build.0 = Release|Any CPU
	EndGlobalSection
	GlobalSection(SolutionProperties) = preSolution
		HideSolutionNode = FALSE
	EndGlobalSection
EndGlobal
